
Microsoft Visual Studio Solution File, Format Version 12.00
# Visual Studio Version 16
VisualStudioVersion = 16.0.30114.105
MinimumVisualStudioVersion = 10.0.40219.1
Project("{FAE04EC0-301F-11D3-BF4B-00C04F79EFBC}") = "WorkerSample", "WorkerSample\WorkerSample.csproj", "{1690A9AE-004C-476C-8FE3-A3278B33B286}"
EndProject
Global
	GlobalSection(SolutionConfigurationPlatforms) = preSolution
		Debug|Any CPU = Debug|Any CPU
		Release|Any CPU = Release|Any CPU
	EndGlobalSection
	GlobalSection(ProjectConfigurationPlatforms) = postSolution
		{1690A9AE-004C-476C-8FE3-A3278B33B286}.Debug|Any CPU.ActiveCfg = Debug|Any CPU
		{1690A9AE-004C-476C-8FE3-A3278B33B286}.Debug|Any CPU.Build.0 = Debug|Any CPU
		{1690A9AE-004C-476C-8FE3-A3278B33B286}.Release|Any CPU.ActiveCfg = Release|Any CPU
		{1690A9AE-004C-476C-8FE3-A3278B33B286}.Release|Any CPU.Build.0 = Release|Any CPU
	EndGlobalSection
	GlobalSection(SolutionProperties) = preSolution
		HideSolutionNode = FALSE
	EndGlobalSection
	GlobalSection(ExtensibilityGlobals) = postSolution
		SolutionGuid = {5FC0B53C-633A-43BB-9BB4-ACF2A2990A70}
	EndGlobalSection
EndGlobal
